
Microsoft Visual Studio Solution File, Format Version 12.00
# Visual Studio 15
Project("{FAE04EC0-301F-11D3-BF4B-00C04F79EFBC}") = "ObjectDetector.Android", "ObjectDetector.Android\ObjectDetector.Android.csproj", "{E83A1F1E-7834-4F66-BDCA-8A46954635E1}"
EndProject
Project("{FAE04EC0-301F-11D3-BF4B-00C04F79EFBC}") = "ObjectDetector.iOS", "ObjectDetector.iOS\ObjectDetector.iOS.csproj", "{50522CC5-A9FE-47D6-8202-5C474A8D8833}"
EndProject
Project("{FAE04EC0-301F-11D3-BF4B-00C04F79EFBC}") = "ObjectDetector", "ObjectDetector\ObjectDetector.csproj", "{26E49636-4A53-4834-96B4-79C24EC00AD3}"
EndProject
Global
	GlobalSection(SolutionConfigurationPlatforms) = preSolution
		Debug|Any CPU = Debug|Any CPU
		Release|Any CPU = Release|Any CPU
		Debug|iPhoneSimulator = Debug|iPhoneSimulator
		Release|iPhoneSimulator = Release|iPhoneSimulator
		Debug|iPhone = Debug|iPhone
		Release|iPhone = Release|iPhone
		Ad-Hoc|iPhone = Ad-Hoc|iPhone
		AppStore|iPhone = AppStore|iPhone
	EndGlobalSection
	GlobalSection(ProjectConfigurationPlatforms) = postSolution
		{E83A1F1E-7834-4F66-BDCA-8A46954635E1}.Debug|Any CPU.ActiveCfg = Debug|Any CPU
		{E83A1F1E-7834-4F66-BDCA-8A46954635E1}.Debug|Any CPU.Build.0 = Debug|Any CPU
		{E83A1F1E-7834-4F66-BDCA-8A46954635E1}.Release|Any CPU.ActiveCfg = Release|Any CPU
		{E83A1F1E-7834-4F66-BDCA-8A46954635E1}.Release|Any CPU.Build.0 = Release|Any CPU
		{E83A1F1E-7834-4F66-BDCA-8A46954635E1}.Debug|iPhoneSimulator.ActiveCfg = Debug|Any CPU
		{E83A1F1E-7834-4F66-BDCA-8A46954635E1}.Debug|iPhoneSimulator.Build.0 = Debug|Any CPU
		{E83A1F1E-7834-4F66-BDCA-8A46954635E1}.Release|iPhoneSimulator.ActiveCfg = Release|Any CPU
		{E83A1F1E-7834-4F66-BDCA-8A46954635E1}.Release|iPhoneSimulator.Build.0 = Release|Any CPU
		{E83A1F1E-7834-4F66-BDCA-8A46954635E1}.Debug|iPhone.ActiveCfg = Debug|Any CPU
		{E83A1F1E-7834-4F66-BDCA-8A46954635E1}.Debug|iPhone.Build.0 = Debug|Any CPU
		{E83A1F1E-7834-4F66-BDCA-8A46954635E1}.Release|iPhone.ActiveCfg = Release|Any CPU
		{E83A1F1E-7834-4F66-BDCA-8A46954635E1}.Release|iPhone.Build.0 = Release|Any CPU
		{E83A1F1E-7834-4F66-BDCA-8A46954635E1}.Ad-Hoc|iPhone.ActiveCfg = Debug|Any CPU
		{E83A1F1E-7834-4F66-BDCA-8A46954635E1}.Ad-Hoc|iPhone.Build.0 = Debug|Any CPU
		{E83A1F1E-7834-4F66-BDCA-8A46954635E1}.AppStore|iPhone.ActiveCfg = Debug|Any CPU
		{E83A1F1E-7834-4F66-BDCA-8A46954635E1}.AppStore|iPhone.Build.0 = Debug|Any CPU
		{50522CC5-A9FE-47D6-8202-5C474A8D8833}.Debug|Any CPU.ActiveCfg = Debug|iPhoneSimulator
		{50522CC5-A9FE-47D6-8202-5C474A8D8833}.Debug|Any CPU.Build.0 = Debug|iPhoneSimulator
		{50522CC5-A9FE-47D6-8202-5C474A8D8833}.Release|Any CPU.ActiveCfg = Release|iPhoneSimulator
		{50522CC5-A9FE-47D6-8202-5C474A8D8833}.Release|Any CPU.Build.0 = Release|iPhoneSimulator
		{50522CC5-A9FE-47D6-8202-5C474A8D8833}.Debug|iPhoneSimulator.ActiveCfg = Debug|iPhoneSimulator
		{50522CC5-A9FE-47D6-8202-5C474A8D8833}.Debug|iPhoneSimulator.Build.0 = Debug|iPhoneSimulator
		{50522CC5-A9FE-47D6-8202-5C474A8D8833}.Release|iPhoneSimulator.ActiveCfg = Release|iPhoneSimulator
		{50522CC5-A9FE-47D6-8202-5C474A8D8833}.Release|iPhoneSimulator.Build.0 = Release|iPhoneSimulator
		{50522CC5-A9FE-47D6-8202-5C474A8D8833}.Debug|iPhone.ActiveCfg = Debug|iPhone
		{50522CC5-A9FE-47D6-8202-5C474A8D8833}.Debug|iPhone.Build.0 = Debug|iPhone
		{50522CC5-A9FE-47D6-8202-5C474A8D8833}.Release|iPhone.ActiveCfg = Release|iPhone
		{50522CC5-A9FE-47D6-8202-5C474A8D8833}.Release|iPhone.Build.0 = Release|iPhone
		{50522CC5-A9FE-47D6-8202-5C474A8D8833}.Ad-Hoc|iPhone.ActiveCfg = Ad-Hoc|iPhone
		{50522CC5-A9FE-47D6-8202-5C474A8D8833}.Ad-Hoc|iPhone.Build.0 = Ad-Hoc|iPhone
		{50522CC5-A9FE-47D6-8202-5C474A8D8833}.AppStore|iPhone.ActiveCfg = AppStore|iPhone
		{50522CC5-A9FE-47D6-8202-5C474A8D8833}.AppStore|iPhone.Build.0 = AppStore|iPhone
		{26E49636-4A53-4834-96B4-79C24EC00AD3}.Debug|Any CPU.ActiveCfg = Debug|Any CPU
		{26E49636-4A53-4834-96B4-79C24EC00AD3}.Debug|Any CPU.Build.0 = Debug|Any CPU
		{26E49636-4A53-4834-96B4-79C24EC00AD3}.Release|Any CPU.ActiveCfg = Release|Any CPU
		{26E49636-4A53-4834-96B4-79C24EC00AD3}.Release|Any CPU.Build.0 = Release|Any CPU
		{26E49636-4A53-4834-96B4-79C24EC00AD3}.Debug|iPhoneSimulator.ActiveCfg = Debug|Any CPU
		{26E49636-4A53-4834-96B4-79C24EC00AD3}.Debug|iPhoneSimulator.Build.0 = Debug|Any CPU
		{26E49636-4A53-4834-96B4-79C24EC00AD3}.Release|iPhoneSimulator.ActiveCfg = Release|Any CPU
		{26E49636-4A53-4834-96B4-79C24EC00AD3}.Release|iPhoneSimulator.Build.0 = Release|Any CPU
		{26E49636-4A53-4834-96B4-79C24EC00AD3}.Debug|iPhone.ActiveCfg = Debug|Any CPU
		{26E49636-4A53-4834-96B4-79C24EC00AD3}.Debug|iPhone.Build.0 = Debug|Any CPU
		{26E49636-4A53-4834-96B4-79C24EC00AD3}.Release|iPhone.ActiveCfg = Release|Any CPU
		{26E49636-4A53-4834-96B4-79C24EC00AD3}.Release|iPhone.Build.0 = Release|Any CPU
		{26E49636-4A53-4834-96B4-79C24EC00AD3}.Ad-Hoc|iPhone.ActiveCfg = Debug|Any CPU
		{26E49636-4A53-4834-96B4-79C24EC00AD3}.Ad-Hoc|iPhone.Build.0 = Debug|Any CPU
		{26E49636-4A53-4834-96B4-79C24EC00AD3}.AppStore|iPhone.ActiveCfg = Debug|Any CPU
		{26E49636-4A53-4834-96B4-79C24EC00AD3}.AppStore|iPhone.Build.0 = Debug|Any CPU
	EndGlobalSection
EndGlobal
