Microsoft Visual Studio Solution File, Format Version 12.00
# Visual Studio 15
VisualStudioVersion = 15.0.28010.2041
MinimumVisualStudioVersion = 10.0.40219.1
Project("{FAE04EC0-301F-11D3-BF4B-00C04F79EFBC}") = "ObjectDetector.Android", "ObjectDetector.Android\ObjectDetector.Android.csproj", "{E83A1F1E-7834-4F66-BDCA-8A46954635E1}"
EndProject
Project("{FAE04EC0-301F-11D3-BF4B-00C04F79EFBC}") = "ObjectDetector.iOS", "ObjectDetector.iOS\ObjectDetector.iOS.csproj", "{50522CC5-A9FE-47D6-8202-5C474A8D8833}"
EndProject
Project("{9A19103F-16F7-4668-BE54-9A1E7A4F7556}") = "ObjectDetector", "ObjectDetector\ObjectDetector.csproj", "{26E49636-4A53-4834-96B4-79C24EC00AD3}"
EndProject
Project("{FAE04EC0-301F-11D3-BF4B-00C04F79EFBC}") = "ObjectDetector.UWP", "ObjectDetector.UWP\ObjectDetector.UWP.csproj", "{BEE9AC2A-221A-4E1C-B3D6-BA24E663444B}"
EndProject
Global
	GlobalSection(SolutionConfigurationPlatforms) = preSolution
		Ad-Hoc|Any CPU = Ad-Hoc|Any CPU
		Ad-Hoc|ARM = Ad-Hoc|ARM
		Ad-Hoc|iPhone = Ad-Hoc|iPhone
		Ad-Hoc|iPhoneSimulator = Ad-Hoc|iPhoneSimulator
		Ad-Hoc|x64 = Ad-Hoc|x64
		Ad-Hoc|x86 = Ad-Hoc|x86
		AppStore|Any CPU = AppStore|Any CPU
		AppStore|ARM = AppStore|ARM
		AppStore|iPhone = AppStore|iPhone
		AppStore|iPhoneSimulator = AppStore|iPhoneSimulator
		AppStore|x64 = AppStore|x64
		AppStore|x86 = AppStore|x86
		Debug|Any CPU = Debug|Any CPU
		Debug|ARM = Debug|ARM
		Debug|iPhone = Debug|iPhone
		Debug|iPhoneSimulator = Debug|iPhoneSimulator
		Debug|x64 = Debug|x64
		Debug|x86 = Debug|x86
		Release|Any CPU = Release|Any CPU
		Release|ARM = Release|ARM
		Release|iPhone = Release|iPhone
		Release|iPhoneSimulator = Release|iPhoneSimulator
		Release|x64 = Release|x64
		Release|x86 = Release|x86
	EndGlobalSection
	GlobalSection(ProjectConfigurationPlatforms) = postSolution
		{E83A1F1E-7834-4F66-BDCA-8A46954635E1}.Ad-Hoc|Any CPU.ActiveCfg = Release|Any CPU
		{E83A1F1E-7834-4F66-BDCA-8A46954635E1}.Ad-Hoc|Any CPU.Build.0 = Release|Any CPU
		{E83A1F1E-7834-4F66-BDCA-8A46954635E1}.Ad-Hoc|Any CPU.Deploy.0 = Release|Any CPU
		{E83A1F1E-7834-4F66-BDCA-8A46954635E1}.Ad-Hoc|ARM.ActiveCfg = Release|Any CPU
		{E83A1F1E-7834-4F66-BDCA-8A46954635E1}.Ad-Hoc|ARM.Build.0 = Release|Any CPU
		{E83A1F1E-7834-4F66-BDCA-8A46954635E1}.Ad-Hoc|ARM.Deploy.0 = Release|Any CPU
		{E83A1F1E-7834-4F66-BDCA-8A46954635E1}.Ad-Hoc|iPhone.ActiveCfg = Debug|Any CPU
		{E83A1F1E-7834-4F66-BDCA-8A46954635E1}.Ad-Hoc|iPhone.Build.0 = Debug|Any CPU
		{E83A1F1E-7834-4F66-BDCA-8A46954635E1}.Ad-Hoc|iPhoneSimulator.ActiveCfg = Release|Any CPU
		{E83A1F1E-7834-4F66-BDCA-8A46954635E1}.Ad-Hoc|iPhoneSimulator.Build.0 = Release|Any CPU
		{E83A1F1E-7834-4F66-BDCA-8A46954635E1}.Ad-Hoc|iPhoneSimulator.Deploy.0 = Release|Any CPU
		{E83A1F1E-7834-4F66-BDCA-8A46954635E1}.Ad-Hoc|x64.ActiveCfg = Release|Any CPU
		{E83A1F1E-7834-4F66-BDCA-8A46954635E1}.Ad-Hoc|x64.Build.0 = Release|Any CPU
		{E83A1F1E-7834-4F66-BDCA-8A46954635E1}.Ad-Hoc|x64.Deploy.0 = Release|Any CPU
		{E83A1F1E-7834-4F66-BDCA-8A46954635E1}.Ad-Hoc|x86.ActiveCfg = Release|Any CPU
		{E83A1F1E-7834-4F66-BDCA-8A46954635E1}.Ad-Hoc|x86.Build.0 = Release|Any CPU
		{E83A1F1E-7834-4F66-BDCA-8A46954635E1}.Ad-Hoc|x86.Deploy.0 = Release|Any CPU
		{E83A1F1E-7834-4F66-BDCA-8A46954635E1}.AppStore|Any CPU.ActiveCfg = Release|Any CPU
		{E83A1F1E-7834-4F66-BDCA-8A46954635E1}.AppStore|Any CPU.Build.0 = Release|Any CPU
		{E83A1F1E-7834-4F66-BDCA-8A46954635E1}.AppStore|Any CPU.Deploy.0 = Release|Any CPU
		{E83A1F1E-7834-4F66-BDCA-8A46954635E1}.AppStore|ARM.ActiveCfg = Release|Any CPU
		{E83A1F1E-7834-4F66-BDCA-8A46954635E1}.AppStore|ARM.Build.0 = Release|Any CPU
		{E83A1F1E-7834-4F66-BDCA-8A46954635E1}.AppStore|ARM.Deploy.0 = Release|Any CPU
		{E83A1F1E-7834-4F66-BDCA-8A46954635E1}.AppStore|iPhone.ActiveCfg = Debug|Any CPU
		{E83A1F1E-7834-4F66-BDCA-8A46954635E1}.AppStore|iPhone.Build.0 = Debug|Any CPU
		{E83A1F1E-7834-4F66-BDCA-8A46954635E1}.AppStore|iPhoneSimulator.ActiveCfg = Release|Any CPU
		{E83A1F1E-7834-4F66-BDCA-8A46954635E1}.AppStore|iPhoneSimulator.Build.0 = Release|Any CPU
		{E83A1F1E-7834-4F66-BDCA-8A46954635E1}.AppStore|iPhoneSimulator.Deploy.0 = Release|Any CPU
		{E83A1F1E-7834-4F66-BDCA-8A46954635E1}.AppStore|x64.ActiveCfg = Release|Any CPU
		{E83A1F1E-7834-4F66-BDCA-8A46954635E1}.AppStore|x64.Build.0 = Release|Any CPU
		{E83A1F1E-7834-4F66-BDCA-8A46954635E1}.AppStore|x64.Deploy.0 = Release|Any CPU
		{E83A1F1E-7834-4F66-BDCA-8A46954635E1}.AppStore|x86.ActiveCfg = Release|Any CPU
		{E83A1F1E-7834-4F66-BDCA-8A46954635E1}.AppStore|x86.Build.0 = Release|Any CPU
		{E83A1F1E-7834-4F66-BDCA-8A46954635E1}.AppStore|x86.Deploy.0 = Release|Any CPU
		{E83A1F1E-7834-4F66-BDCA-8A46954635E1}.Debug|Any CPU.ActiveCfg = Debug|Any CPU
		{E83A1F1E-7834-4F66-BDCA-8A46954635E1}.Debug|Any CPU.Build.0 = Debug|Any CPU
		{E83A1F1E-7834-4F66-BDCA-8A46954635E1}.Debug|ARM.ActiveCfg = Debug|Any CPU
		{E83A1F1E-7834-4F66-BDCA-8A46954635E1}.Debug|ARM.Build.0 = Debug|Any CPU
		{E83A1F1E-7834-4F66-BDCA-8A46954635E1}.Debug|ARM.Deploy.0 = Debug|Any CPU
		{E83A1F1E-7834-4F66-BDCA-8A46954635E1}.Debug|iPhone.ActiveCfg = Debug|Any CPU
		{E83A1F1E-7834-4F66-BDCA-8A46954635E1}.Debug|iPhone.Build.0 = Debug|Any CPU
		{E83A1F1E-7834-4F66-BDCA-8A46954635E1}.Debug|iPhoneSimulator.ActiveCfg = Debug|Any CPU
		{E83A1F1E-7834-4F66-BDCA-8A46954635E1}.Debug|iPhoneSimulator.Build.0 = Debug|Any CPU
		{E83A1F1E-7834-4F66-BDCA-8A46954635E1}.Debug|x64.ActiveCfg = Debug|Any CPU
		{E83A1F1E-7834-4F66-BDCA-8A46954635E1}.Debug|x64.Build.0 = Debug|Any CPU
		{E83A1F1E-7834-4F66-BDCA-8A46954635E1}.Debug|x64.Deploy.0 = Debug|Any CPU
		{E83A1F1E-7834-4F66-BDCA-8A46954635E1}.Debug|x86.ActiveCfg = Debug|Any CPU
		{E83A1F1E-7834-4F66-BDCA-8A46954635E1}.Debug|x86.Build.0 = Debug|Any CPU
		{E83A1F1E-7834-4F66-BDCA-8A46954635E1}.Debug|x86.Deploy.0 = Debug|Any CPU
		{E83A1F1E-7834-4F66-BDCA-8A46954635E1}.Release|Any CPU.ActiveCfg = Release|Any CPU
		{E83A1F1E-7834-4F66-BDCA-8A46954635E1}.Release|Any CPU.Build.0 = Release|Any CPU
		{E83A1F1E-7834-4F66-BDCA-8A46954635E1}.Release|ARM.ActiveCfg = Release|Any CPU
		{E83A1F1E-7834-4F66-BDCA-8A46954635E1}.Release|ARM.Build.0 = Release|Any CPU
		{E83A1F1E-7834-4F66-BDCA-8A46954635E1}.Release|ARM.Deploy.0 = Release|Any CPU
		{E83A1F1E-7834-4F66-BDCA-8A46954635E1}.Release|iPhone.ActiveCfg = Release|Any CPU
		{E83A1F1E-7834-4F66-BDCA-8A46954635E1}.Release|iPhone.Build.0 = Release|Any CPU
		{E83A1F1E-7834-4F66-BDCA-8A46954635E1}.Release|iPhoneSimulator.ActiveCfg = Release|Any CPU
		{E83A1F1E-7834-4F66-BDCA-8A46954635E1}.Release|iPhoneSimulator.Build.0 = Release|Any CPU
		{E83A1F1E-7834-4F66-BDCA-8A46954635E1}.Release|x64.ActiveCfg = Release|Any CPU
		{E83A1F1E-7834-4F66-BDCA-8A46954635E1}.Release|x64.Build.0 = Release|Any CPU
		{E83A1F1E-7834-4F66-BDCA-8A46954635E1}.Release|x64.Deploy.0 = Release|Any CPU
		{E83A1F1E-7834-4F66-BDCA-8A46954635E1}.Release|x86.ActiveCfg = Release|Any CPU
		{E83A1F1E-7834-4F66-BDCA-8A46954635E1}.Release|x86.Build.0 = Release|Any CPU
		{E83A1F1E-7834-4F66-BDCA-8A46954635E1}.Release|x86.Deploy.0 = Release|Any CPU
		{50522CC5-A9FE-47D6-8202-5C474A8D8833}.Ad-Hoc|Any CPU.ActiveCfg = Ad-Hoc|iPhoneSimulator
		{50522CC5-A9FE-47D6-8202-5C474A8D8833}.Ad-Hoc|ARM.ActiveCfg = Ad-Hoc|iPhoneSimulator
		{50522CC5-A9FE-47D6-8202-5C474A8D8833}.Ad-Hoc|iPhone.ActiveCfg = Ad-Hoc|iPhone
		{50522CC5-A9FE-47D6-8202-5C474A8D8833}.Ad-Hoc|iPhone.Build.0 = Ad-Hoc|iPhone
		{50522CC5-A9FE-47D6-8202-5C474A8D8833}.Ad-Hoc|iPhoneSimulator.ActiveCfg = Ad-Hoc|iPhoneSimulator
		{50522CC5-A9FE-47D6-8202-5C474A8D8833}.Ad-Hoc|iPhoneSimulator.Build.0 = Ad-Hoc|iPhoneSimulator
		{50522CC5-A9FE-47D6-8202-5C474A8D8833}.Ad-Hoc|x64.ActiveCfg = Ad-Hoc|iPhoneSimulator
		{50522CC5-A9FE-47D6-8202-5C474A8D8833}.Ad-Hoc|x86.ActiveCfg = Ad-Hoc|iPhoneSimulator
		{50522CC5-A9FE-47D6-8202-5C474A8D8833}.AppStore|Any CPU.ActiveCfg = AppStore|iPhoneSimulator
		{50522CC5-A9FE-47D6-8202-5C474A8D8833}.AppStore|ARM.ActiveCfg = AppStore|iPhoneSimulator
		{50522CC5-A9FE-47D6-8202-5C474A8D8833}.AppStore|iPhone.ActiveCfg = AppStore|iPhone
		{50522CC5-A9FE-47D6-8202-5C474A8D8833}.AppStore|iPhone.Build.0 = AppStore|iPhone
		{50522CC5-A9FE-47D6-8202-5C474A8D8833}.AppStore|iPhoneSimulator.ActiveCfg = AppStore|iPhoneSimulator
		{50522CC5-A9FE-47D6-8202-5C474A8D8833}.AppStore|iPhoneSimulator.Build.0 = AppStore|iPhoneSimulator
		{50522CC5-A9FE-47D6-8202-5C474A8D8833}.AppStore|x64.ActiveCfg = AppStore|iPhoneSimulator
		{50522CC5-A9FE-47D6-8202-5C474A8D8833}.AppStore|x86.ActiveCfg = AppStore|iPhoneSimulator
		{50522CC5-A9FE-47D6-8202-5C474A8D8833}.Debug|Any CPU.ActiveCfg = Debug|iPhoneSimulator
		{50522CC5-A9FE-47D6-8202-5C474A8D8833}.Debug|Any CPU.Build.0 = Debug|iPhoneSimulator
		{50522CC5-A9FE-47D6-8202-5C474A8D8833}.Debug|ARM.ActiveCfg = Debug|iPhone
		{50522CC5-A9FE-47D6-8202-5C474A8D8833}.Debug|iPhone.ActiveCfg = Debug|iPhone
		{50522CC5-A9FE-47D6-8202-5C474A8D8833}.Debug|iPhone.Build.0 = Debug|iPhone
		{50522CC5-A9FE-47D6-8202-5C474A8D8833}.Debug|iPhoneSimulator.ActiveCfg = Debug|iPhoneSimulator
		{50522CC5-A9FE-47D6-8202-5C474A8D8833}.Debug|iPhoneSimulator.Build.0 = Debug|iPhoneSimulator
		{50522CC5-A9FE-47D6-8202-5C474A8D8833}.Debug|x64.ActiveCfg = Debug|iPhone
		{50522CC5-A9FE-47D6-8202-5C474A8D8833}.Debug|x86.ActiveCfg = Debug|iPhone
		{50522CC5-A9FE-47D6-8202-5C474A8D8833}.Release|Any CPU.ActiveCfg = Release|iPhoneSimulator
		{50522CC5-A9FE-47D6-8202-5C474A8D8833}.Release|Any CPU.Build.0 = Release|iPhoneSimulator
		{50522CC5-A9FE-47D6-8202-5C474A8D8833}.Release|ARM.ActiveCfg = Release|iPhone
		{50522CC5-A9FE-47D6-8202-5C474A8D8833}.Release|iPhone.ActiveCfg = Release|iPhone
		{50522CC5-A9FE-47D6-8202-5C474A8D8833}.Release|iPhone.Build.0 = Release|iPhone
		{50522CC5-A9FE-47D6-8202-5C474A8D8833}.Release|iPhoneSimulator.ActiveCfg = Release|iPhoneSimulator
		{50522CC5-A9FE-47D6-8202-5C474A8D8833}.Release|iPhoneSimulator.Build.0 = Release|iPhoneSimulator
		{50522CC5-A9FE-47D6-8202-5C474A8D8833}.Release|x64.ActiveCfg = Release|iPhone
		{50522CC5-A9FE-47D6-8202-5C474A8D8833}.Release|x86.ActiveCfg = Release|iPhone
		{26E49636-4A53-4834-96B4-79C24EC00AD3}.Ad-Hoc|Any CPU.ActiveCfg = Release|Any CPU
		{26E49636-4A53-4834-96B4-79C24EC00AD3}.Ad-Hoc|Any CPU.Build.0 = Release|Any CPU
		{26E49636-4A53-4834-96B4-79C24EC00AD3}.Ad-Hoc|ARM.ActiveCfg = Release|Any CPU
		{26E49636-4A53-4834-96B4-79C24EC00AD3}.Ad-Hoc|ARM.Build.0 = Release|Any CPU
		{26E49636-4A53-4834-96B4-79C24EC00AD3}.Ad-Hoc|iPhone.ActiveCfg = Debug|Any CPU
		{26E49636-4A53-4834-96B4-79C24EC00AD3}.Ad-Hoc|iPhone.Build.0 = Debug|Any CPU
		{26E49636-4A53-4834-96B4-79C24EC00AD3}.Ad-Hoc|iPhoneSimulator.ActiveCfg = Release|Any CPU
		{26E49636-4A53-4834-96B4-79C24EC00AD3}.Ad-Hoc|iPhoneSimulator.Build.0 = Release|Any CPU
		{26E49636-4A53-4834-96B4-79C24EC00AD3}.Ad-Hoc|x64.ActiveCfg = Release|Any CPU
		{26E49636-4A53-4834-96B4-79C24EC00AD3}.Ad-Hoc|x64.Build.0 = Release|Any CPU
		{26E49636-4A53-4834-96B4-79C24EC00AD3}.Ad-Hoc|x86.ActiveCfg = Release|Any CPU
		{26E49636-4A53-4834-96B4-79C24EC00AD3}.Ad-Hoc|x86.Build.0 = Release|Any CPU
		{26E49636-4A53-4834-96B4-79C24EC00AD3}.AppStore|Any CPU.ActiveCfg = Release|Any CPU
		{26E49636-4A53-4834-96B4-79C24EC00AD3}.AppStore|Any CPU.Build.0 = Release|Any CPU
		{26E49636-4A53-4834-96B4-79C24EC00AD3}.AppStore|ARM.ActiveCfg = Release|Any CPU
		{26E49636-4A53-4834-96B4-79C24EC00AD3}.AppStore|ARM.Build.0 = Release|Any CPU
		{26E49636-4A53-4834-96B4-79C24EC00AD3}.AppStore|iPhone.ActiveCfg = Debug|Any CPU
		{26E49636-4A53-4834-96B4-79C24EC00AD3}.AppStore|iPhone.Build.0 = Debug|Any CPU
		{26E49636-4A53-4834-96B4-79C24EC00AD3}.AppStore|iPhoneSimulator.ActiveCfg = Release|Any CPU
		{26E49636-4A53-4834-96B4-79C24EC00AD3}.AppStore|iPhoneSimulator.Build.0 = Release|Any CPU
		{26E49636-4A53-4834-96B4-79C24EC00AD3}.AppStore|x64.ActiveCfg = Release|Any CPU
		{26E49636-4A53-4834-96B4-79C24EC00AD3}.AppStore|x64.Build.0 = Release|Any CPU
		{26E49636-4A53-4834-96B4-79C24EC00AD3}.AppStore|x86.ActiveCfg = Release|Any CPU
		{26E49636-4A53-4834-96B4-79C24EC00AD3}.AppStore|x86.Build.0 = Release|Any CPU
		{26E49636-4A53-4834-96B4-79C24EC00AD3}.Debug|Any CPU.ActiveCfg = Debug|Any CPU
		{26E49636-4A53-4834-96B4-79C24EC00AD3}.Debug|Any CPU.Build.0 = Debug|Any CPU
		{26E49636-4A53-4834-96B4-79C24EC00AD3}.Debug|ARM.ActiveCfg = Debug|Any CPU
		{26E49636-4A53-4834-96B4-79C24EC00AD3}.Debug|ARM.Build.0 = Debug|Any CPU
		{26E49636-4A53-4834-96B4-79C24EC00AD3}.Debug|iPhone.ActiveCfg = Debug|Any CPU
		{26E49636-4A53-4834-96B4-79C24EC00AD3}.Debug|iPhone.Build.0 = Debug|Any CPU
		{26E49636-4A53-4834-96B4-79C24EC00AD3}.Debug|iPhoneSimulator.ActiveCfg = Debug|Any CPU
		{26E49636-4A53-4834-96B4-79C24EC00AD3}.Debug|iPhoneSimulator.Build.0 = Debug|Any CPU
		{26E49636-4A53-4834-96B4-79C24EC00AD3}.Debug|x64.ActiveCfg = Debug|Any CPU
		{26E49636-4A53-4834-96B4-79C24EC00AD3}.Debug|x64.Build.0 = Debug|Any CPU
		{26E49636-4A53-4834-96B4-79C24EC00AD3}.Debug|x86.ActiveCfg = Debug|Any CPU
		{26E49636-4A53-4834-96B4-79C24EC00AD3}.Debug|x86.Build.0 = Debug|Any CPU
		{26E49636-4A53-4834-96B4-79C24EC00AD3}.Release|Any CPU.ActiveCfg = Release|Any CPU
		{26E49636-4A53-4834-96B4-79C24EC00AD3}.Release|Any CPU.Build.0 = Release|Any CPU
		{26E49636-4A53-4834-96B4-79C24EC00AD3}.Release|ARM.ActiveCfg = Release|Any CPU
		{26E49636-4A53-4834-96B4-79C24EC00AD3}.Release|ARM.Build.0 = Release|Any CPU
		{26E49636-4A53-4834-96B4-79C24EC00AD3}.Release|iPhone.ActiveCfg = Release|Any CPU
		{26E49636-4A53-4834-96B4-79C24EC00AD3}.Release|iPhone.Build.0 = Release|Any CPU
		{26E49636-4A53-4834-96B4-79C24EC00AD3}.Release|iPhoneSimulator.ActiveCfg = Release|Any CPU
		{26E49636-4A53-4834-96B4-79C24EC00AD3}.Release|iPhoneSimulator.Build.0 = Release|Any CPU
		{26E49636-4A53-4834-96B4-79C24EC00AD3}.Release|x64.ActiveCfg = Release|Any CPU
		{26E49636-4A53-4834-96B4-79C24EC00AD3}.Release|x64.Build.0 = Release|Any CPU
		{26E49636-4A53-4834-96B4-79C24EC00AD3}.Release|x86.ActiveCfg = Release|Any CPU
		{26E49636-4A53-4834-96B4-79C24EC00AD3}.Release|x86.Build.0 = Release|Any CPU
		{BEE9AC2A-221A-4E1C-B3D6-BA24E663444B}.Ad-Hoc|Any CPU.ActiveCfg = Release|x86
		{BEE9AC2A-221A-4E1C-B3D6-BA24E663444B}.Ad-Hoc|Any CPU.Build.0 = Release|x86
		{BEE9AC2A-221A-4E1C-B3D6-BA24E663444B}.Ad-Hoc|Any CPU.Deploy.0 = Release|x86
		{BEE9AC2A-221A-4E1C-B3D6-BA24E663444B}.Ad-Hoc|ARM.ActiveCfg = Release|ARM
		{BEE9AC2A-221A-4E1C-B3D6-BA24E663444B}.Ad-Hoc|ARM.Build.0 = Release|ARM
		{BEE9AC2A-221A-4E1C-B3D6-BA24E663444B}.Ad-Hoc|ARM.Deploy.0 = Release|ARM
		{BEE9AC2A-221A-4E1C-B3D6-BA24E663444B}.Ad-Hoc|iPhone.ActiveCfg = Release|x86
		{BEE9AC2A-221A-4E1C-B3D6-BA24E663444B}.Ad-Hoc|iPhone.Build.0 = Release|x86
		{BEE9AC2A-221A-4E1C-B3D6-BA24E663444B}.Ad-Hoc|iPhone.Deploy.0 = Release|x86
		{BEE9AC2A-221A-4E1C-B3D6-BA24E663444B}.Ad-Hoc|iPhoneSimulator.ActiveCfg = Release|x86
		{BEE9AC2A-221A-4E1C-B3D6-BA24E663444B}.Ad-Hoc|iPhoneSimulator.Build.0 = Release|x86
		{BEE9AC2A-221A-4E1C-B3D6-BA24E663444B}.Ad-Hoc|iPhoneSimulator.Deploy.0 = Release|x86
		{BEE9AC2A-221A-4E1C-B3D6-BA24E663444B}.Ad-Hoc|x64.ActiveCfg = Release|x64
		{BEE9AC2A-221A-4E1C-B3D6-BA24E663444B}.Ad-Hoc|x64.Build.0 = Release|x64
		{BEE9AC2A-221A-4E1C-B3D6-BA24E663444B}.Ad-Hoc|x64.Deploy.0 = Release|x64
		{BEE9AC2A-221A-4E1C-B3D6-BA24E663444B}.Ad-Hoc|x86.ActiveCfg = Release|x86
		{BEE9AC2A-221A-4E1C-B3D6-BA24E663444B}.Ad-Hoc|x86.Build.0 = Release|x86
		{BEE9AC2A-221A-4E1C-B3D6-BA24E663444B}.Ad-Hoc|x86.Deploy.0 = Release|x86
		{BEE9AC2A-221A-4E1C-B3D6-BA24E663444B}.AppStore|Any CPU.ActiveCfg = Release|x86
		{BEE9AC2A-221A-4E1C-B3D6-BA24E663444B}.AppStore|Any CPU.Build.0 = Release|x86
		{BEE9AC2A-221A-4E1C-B3D6-BA24E663444B}.AppStore|Any CPU.Deploy.0 = Release|x86
		{BEE9AC2A-221A-4E1C-B3D6-BA24E663444B}.AppStore|ARM.ActiveCfg = Release|ARM
		{BEE9AC2A-221A-4E1C-B3D6-BA24E663444B}.AppStore|ARM.Build.0 = Release|ARM
		{BEE9AC2A-221A-4E1C-B3D6-BA24E663444B}.AppStore|ARM.Deploy.0 = Release|ARM
		{BEE9AC2A-221A-4E1C-B3D6-BA24E663444B}.AppStore|iPhone.ActiveCfg = Release|x86
		{BEE9AC2A-221A-4E1C-B3D6-BA24E663444B}.AppStore|iPhone.Build.0 = Release|x86
		{BEE9AC2A-221A-4E1C-B3D6-BA24E663444B}.AppStore|iPhone.Deploy.0 = Release|x86
		{BEE9AC2A-221A-4E1C-B3D6-BA24E663444B}.AppStore|iPhoneSimulator.ActiveCfg = Release|x86
		{BEE9AC2A-221A-4E1C-B3D6-BA24E663444B}.AppStore|iPhoneSimulator.Build.0 = Release|x86
		{BEE9AC2A-221A-4E1C-B3D6-BA24E663444B}.AppStore|iPhoneSimulator.Deploy.0 = Release|x86
		{BEE9AC2A-221A-4E1C-B3D6-BA24E663444B}.AppStore|x64.ActiveCfg = Release|x64
		{BEE9AC2A-221A-4E1C-B3D6-BA24E663444B}.AppStore|x64.Build.0 = Release|x64
		{BEE9AC2A-221A-4E1C-B3D6-BA24E663444B}.AppStore|x64.Deploy.0 = Release|x64
		{BEE9AC2A-221A-4E1C-B3D6-BA24E663444B}.AppStore|x86.ActiveCfg = Release|x86
		{BEE9AC2A-221A-4E1C-B3D6-BA24E663444B}.AppStore|x86.Build.0 = Release|x86
		{BEE9AC2A-221A-4E1C-B3D6-BA24E663444B}.AppStore|x86.Deploy.0 = Release|x86
		{BEE9AC2A-221A-4E1C-B3D6-BA24E663444B}.Debug|Any CPU.ActiveCfg = Debug|x86
		{BEE9AC2A-221A-4E1C-B3D6-BA24E663444B}.Debug|ARM.ActiveCfg = Debug|ARM
		{BEE9AC2A-221A-4E1C-B3D6-BA24E663444B}.Debug|ARM.Build.0 = Debug|ARM
		{BEE9AC2A-221A-4E1C-B3D6-BA24E663444B}.Debug|ARM.Deploy.0 = Debug|ARM
		{BEE9AC2A-221A-4E1C-B3D6-BA24E663444B}.Debug|iPhone.ActiveCfg = Debug|x86
		{BEE9AC2A-221A-4E1C-B3D6-BA24E663444B}.Debug|iPhoneSimulator.ActiveCfg = Debug|x86
		{BEE9AC2A-221A-4E1C-B3D6-BA24E663444B}.Debug|x64.ActiveCfg = Debug|x64
		{BEE9AC2A-221A-4E1C-B3D6-BA24E663444B}.Debug|x64.Build.0 = Debug|x64
		{BEE9AC2A-221A-4E1C-B3D6-BA24E663444B}.Debug|x64.Deploy.0 = Debug|x64
		{BEE9AC2A-221A-4E1C-B3D6-BA24E663444B}.Debug|x86.ActiveCfg = Debug|x86
		{BEE9AC2A-221A-4E1C-B3D6-BA24E663444B}.Debug|x86.Build.0 = Debug|x86
		{BEE9AC2A-221A-4E1C-B3D6-BA24E663444B}.Debug|x86.Deploy.0 = Debug|x86
		{BEE9AC2A-221A-4E1C-B3D6-BA24E663444B}.Release|Any CPU.ActiveCfg = Release|x86
		{BEE9AC2A-221A-4E1C-B3D6-BA24E663444B}.Release|ARM.ActiveCfg = Release|ARM
		{BEE9AC2A-221A-4E1C-B3D6-BA24E663444B}.Release|ARM.Build.0 = Release|ARM
		{BEE9AC2A-221A-4E1C-B3D6-BA24E663444B}.Release|ARM.Deploy.0 = Release|ARM
		{BEE9AC2A-221A-4E1C-B3D6-BA24E663444B}.Release|iPhone.ActiveCfg = Release|x86
		{BEE9AC2A-221A-4E1C-B3D6-BA24E663444B}.Release|iPhoneSimulator.ActiveCfg = Release|x86
		{BEE9AC2A-221A-4E1C-B3D6-BA24E663444B}.Release|x64.ActiveCfg = Release|x64
		{BEE9AC2A-221A-4E1C-B3D6-BA24E663444B}.Release|x64.Build.0 = Release|x64
		{BEE9AC2A-221A-4E1C-B3D6-BA24E663444B}.Release|x64.Deploy.0 = Release|x64
		{BEE9AC2A-221A-4E1C-B3D6-BA24E663444B}.Release|x86.ActiveCfg = Release|x86
		{BEE9AC2A-221A-4E1C-B3D6-BA24E663444B}.Release|x86.Build.0 = Release|x86
		{BEE9AC2A-221A-4E1C-B3D6-BA24E663444B}.Release|x86.Deploy.0 = Release|x86
	EndGlobalSection
	GlobalSection(SolutionProperties) = preSolution
		HideSolutionNode = FALSE
	EndGlobalSection
	GlobalSection(ExtensibilityGlobals) = postSolution
		SolutionGuid = {E918D528-2FB6-46C1-A1C9-859B6E44AA57}
	EndGlobalSection
EndGlobal
